
Microsoft Visual Studio Solution File, Format Version 12.00
# Visual Studio Version 17
VisualStudioVersion = 17.9.34902.65
MinimumVisualStudioVersion = 10.0.40219.1
Project("{9A19103F-16F7-4668-BE54-9A1E7A4F7556}") = "Terra.Gateway.Api", "Terra.Gateway.Api\Terra.Gateway.Api.csproj", "{586AA284-A996-4980-A7D4-042E2636A59F}"
EndProject
Project("{9A19103F-16F7-4668-BE54-9A1E7A4F7556}") = "Terra.Gateway.App", "Terra.Gateway.App\Terra.Gateway.App.csproj", "{B91993A7-4D11-4661-8920-D0770C04B654}"
EndProject
Project("{9A19103F-16F7-4668-BE54-9A1E7A4F7556}") = "Terra.Gateway.Resources", "Terra.Gateway.Resources\Terra.Gateway.Resources.csproj", "{CD787CE1-1143-4891-8967-C7EA466F6DD2}"
EndProject
Global
	GlobalSection(SolutionConfigurationPlatforms) = preSolution
		Debug|Any CPU = Debug|Any CPU
		Release|Any CPU = Release|Any CPU
	EndGlobalSection
	GlobalSection(ProjectConfigurationPlatforms) = postSolution
		{586AA284-A996-4980-A7D4-042E2636A59F}.Debug|Any CPU.ActiveCfg = Debug|Any CPU
		{586AA284-A996-4980-A7D4-042E2636A59F}.Debug|Any CPU.Build.0 = Debug|Any CPU
		{586AA284-A996-4980-A7D4-042E2636A59F}.Release|Any CPU.ActiveCfg = Release|Any CPU
		{586AA284-A996-4980-A7D4-042E2636A59F}.Release|Any CPU.Build.0 = Release|Any CPU
		{B91993A7-4D11-4661-8920-D0770C04B654}.Debug|Any CPU.ActiveCfg = Debug|Any CPU
		{B91993A7-4D11-4661-8920-D0770C04B654}.Debug|Any CPU.Build.0 = Debug|Any CPU
		{B91993A7-4D11-4661-8920-D0770C04B654}.Release|Any CPU.ActiveCfg = Release|Any CPU
		{B91993A7-4D11-4661-8920-D0770C04B654}.Release|Any CPU.Build.0 = Release|Any CPU
		{CD787CE1-1143-4891-8967-C7EA466F6DD2}.Debug|Any CPU.ActiveCfg = Debug|Any CPU
		{CD787CE1-1143-4891-8967-C7EA466F6DD2}.Debug|Any CPU.Build.0 = Debug|Any CPU
		{CD787CE1-1143-4891-8967-C7EA466F6DD2}.Release|Any CPU.ActiveCfg = Release|Any CPU
		{CD787CE1-1143-4891-8967-C7EA466F6DD2}.Release|Any CPU.Build.0 = Release|Any CPU
	EndGlobalSection
	GlobalSection(SolutionProperties) = preSolution
		HideSolutionNode = FALSE
	EndGlobalSection
	GlobalSection(ExtensibilityGlobals) = postSolution
		SolutionGuid = {AA9A366C-7A0D-40EA-84D5-077CFB7A04E7}
	EndGlobalSection
EndGlobal